{
  "name": "providers-registry",
  "version": "0.0.1",
  "lockfileVersion": 1,
  "requires": true,
  "dependencies": {
    "@types/cookiejar": {
      "version": "2.1.1",
      "resolved": "https://registry.npmjs.org/@types/cookiejar/-/cookiejar-2.1.1.tgz",
      "integrity": "sha512-aRnpPa7ysx3aNW60hTiCtLHlQaIFsXFCgQlpakNgDNVFzbtusSY8PwjAQgRWfSk0ekNoBjO51eQRB6upA9uuyw=="
    },
    "@types/node": {
      "version": "12.7.5",
      "resolved": "https://registry.npmjs.org/@types/node/-/node-12.7.5.tgz",
      "integrity": "sha512-9fq4jZVhPNW8r+UYKnxF1e2HkDWOWKM5bC2/7c9wPV835I0aOrVbS/Hw/pWPk2uKrNXQqg9Z959Kz+IYDd5p3w=="
    },
    "@types/superagent": {
      "version": "4.1.3",
      "resolved": "https://registry.npmjs.org/@types/superagent/-/superagent-4.1.3.tgz",
      "integrity": "sha512-vy2licJQwOXrTAe+yz9SCyUVXAkMgCeDq9VHzS5CWJyDU1g6CI4xKb4d5sCEmyucjw5sG0y4k2/afS0iv/1D0Q==",
      "requires": {
        "@types/cookiejar": "*",
        "@types/node": "*"
      }
    },
    "@types/supertest": {
      "version": "2.0.8",
      "resolved": "https://registry.npmjs.org/@types/supertest/-/supertest-2.0.8.tgz",
      "integrity": "sha512-wcax7/ip4XSSJRLbNzEIUVy2xjcBIZZAuSd2vtltQfRK7kxhx5WMHbLHkYdxN3wuQCrwpYrg86/9byDjPXoGMA==",
      "requires": {
        "@types/superagent": "*"
      }
    }
  }
}
